// !$*UTF8*$!
{
	archiveVersion = 1;
	classes = {
	};
	objectVersion = 70;
	objects = {

/* Begin PBXContainerItemProxy section */
		222222222222222222220008 /* PBXContainerItemProxy */ = {
			isa = PBXContainerItemProxy;
			containerPortal = 1111111111111111111111A1 /* Project object */;
			proxyType = 1;
			remoteGlobalIDString = 1111111111111111111111A6;
			remoteInfo = NotchMate;
		};
/* End PBXContainerItemProxy section */

/* Begin PBXFileReference section */
		1111111111111111111111A5 /* NotchMate.app */ = {isa = PBXFileReference; explicitFileType = wrapper.application; includeInIndex = 0; path = NotchMate.app; sourceTree = BUILT_PRODUCTS_DIR; };
		222222222222222222220002 /* NotchMateTests.xctest */ = {isa = PBXFileReference; explicitFileType = wrapper.cfbundle; includeInIndex = 0; path = NotchMateTests.xctest; sourceTree = BUILT_PRODUCTS_DIR; };
/* End PBXFileReference section */

/* Begin PBXFileSystemSynchronizedRootGroup section */
		1111111111111111111111A4 /* NotchMate */ = {isa = PBXFileSystemSynchronizedRootGroup; explicitFileTypes = {}; explicitFolders = (); path = NotchMate; sourceTree = "<group>"; };
		222222222222222222220001 /* NotchMateTests */ = {isa = PBXFileSystemSynchronizedRootGroup; explicitFileTypes = {}; explicitFolders = (); path = NotchMateTests; sourceTree = "<group>"; };
/* End PBXFileSystemSynchronizedRootGroup section */

/* Begin PBXFrameworksBuildPhase section */
		1111111111111111111111B5 /* Frameworks */ = {
			isa = PBXFrameworksBuildPhase;
			buildActionMask = 2147483647;
			files = (
			);
			runOnlyForDeploymentPostprocessing = 0;
		};
		222222222222222222220005 /* Frameworks */ = {
			isa = PBXFrameworksBuildPhase;
			buildActionMask = 2147483647;
			files = (
			);
			runOnlyForDeploymentPostprocessing = 0;
		};
/* End PBXFrameworksBuildPhase section */

/* Begin PBXGroup section */
		1111111111111111111111A2 = {
			isa = PBXGroup;
			children = (
				1111111111111111111111A4 /* NotchMate */,
				222222222222222222220001 /* NotchMateTests */,
				1111111111111111111111A3 /* Products */,
			);
			sourceTree = "<group>";
		};
		1111111111111111111111A3 /* Products */ = {
			isa = PBXGroup;
			children = (
				1111111111111111111111A5 /* NotchMate.app */,
				222222222222222222220002 /* NotchMateTests.xctest */,
			);
			name = Products;
			sourceTree = "<group>";
		};
/* End PBXGroup section */

/* Begin PBXNativeTarget section */
		1111111111111111111111A6 /* NotchMate */ = {
			isa = PBXNativeTarget;
			buildConfigurationList = 1111111111111111111111A8 /* Build configuration list for PBXNativeTarget "NotchMate" */;
			buildPhases = (
				1111111111111111111111B4 /* Sources */,
				1111111111111111111111B5 /* Frameworks */,
				1111111111111111111111B6 /* Resources */,
			);
			buildRules = (
			);
			dependencies = (
			);
			fileSystemSynchronizedGroups = (
				1111111111111111111111A4 /* NotchMate */,
			);
			name = NotchMate;
			productName = NotchMate;
			productReference = 1111111111111111111111A5 /* NotchMate.app */;
			productType = "com.apple.product-type.application";
		};
		222222222222222222220003 /* NotchMateTests */ = {
			isa = PBXNativeTarget;
			buildConfigurationList = 222222222222222222220009 /* Build configuration list for PBXNativeTarget "NotchMateTests" */;
			buildPhases = (
				222222222222222222220004 /* Sources */,
				222222222222222222220005 /* Frameworks */,
				222222222222222222220006 /* Resources */,
			);
			buildRules = (
			);
			dependencies = (
				222222222222222222220007 /* PBXTargetDependency */,
			);
			fileSystemSynchronizedGroups = (
				222222222222222222220001 /* NotchMateTests */,
			);
			name = NotchMateTests;
			productName = NotchMateTests;
			productReference = 222222222222222222220002 /* NotchMateTests.xctest */;
			productType = "com.apple.product-type.bundle.unit-test";
		};
/* End PBXNativeTarget section */

/* Begin PBXProject section */
		1111111111111111111111A1 /* Project object */ = {
			isa = PBXProject;
			attributes = {
				BuildIndependentTargetsInParallel = 1;
				LastSwiftUpdateCheck = 2630;
				LastUpgradeCheck = 2630;
				TargetAttributes = {
					1111111111111111111111A6 = {
						CreatedOnToolsVersion = 26.3;
					};
					222222222222222222220003 = {
						CreatedOnToolsVersion = 26.3;
						TestTargetID = 1111111111111111111111A6;
					};
				};
			};
			buildConfigurationList = 1111111111111111111111A7 /* Build configuration list for PBXProject "NotchMate" */;
			compatibilityVersion = "Xcode 15.0";
			developmentRegion = en;
			hasScannedForEncodings = 0;
			knownRegions = (
				en,
				Base,
			);
			mainGroup = 1111111111111111111111A2;
			productRefGroup = 1111111111111111111111A3 /* Products */;
			projectDirPath = "";
			projectRoot = "";
			targets = (
				1111111111111111111111A6 /* NotchMate */,
				222222222222222222220003 /* NotchMateTests */,
			);
		};
/* End PBXProject section */

/* Begin PBXResourcesBuildPhase section */
		1111111111111111111111B6 /* Resources */ = {
			isa = PBXResourcesBuildPhase;
			buildActionMask = 2147483647;
			files = (
			);
			runOnlyForDeploymentPostprocessing = 0;
		};
		222222222222222222220006 /* Resources */ = {
			isa = PBXResourcesBuildPhase;
			buildActionMask = 2147483647;
			files = (
			);
			runOnlyForDeploymentPostprocessing = 0;
		};
/* End PBXResourcesBuildPhase section */

/* Begin PBXSourcesBuildPhase section */
		1111111111111111111111B4 /* Sources */ = {
			isa = PBXSourcesBuildPhase;
			buildActionMask = 2147483647;
			files = (
			);
			runOnlyForDeploymentPostprocessing = 0;
		};
		222222222222222222220004 /* Sources */ = {
			isa = PBXSourcesBuildPhase;
			buildActionMask = 2147483647;
			files = (
			);
			runOnlyForDeploymentPostprocessing = 0;
		};
/* End PBXSourcesBuildPhase section */

/* Begin PBXTargetDependency section */
		222222222222222222220007 /* PBXTargetDependency */ = {
			isa = PBXTargetDependency;
			target = 1111111111111111111111A6 /* NotchMate */;
			targetProxy = 222222222222222222220008 /* PBXContainerItemProxy */;
		};
/* End PBXTargetDependency section */

/* Begin XCBuildConfiguration section */
		1111111111111111111111A9 /* Debug */ = {
			isa = XCBuildConfiguration;
			buildSettings = {
				ALWAYS_SEARCH_USER_PATHS = NO;
				CLANG_ENABLE_MODULES = YES;
				CLANG_ENABLE_OBJC_ARC = YES;
				COPY_PHASE_STRIP = NO;
				DEBUG_INFORMATION_FORMAT = dwarf;
				ENABLE_STRICT_OBJC_MSGSEND = YES;
				ENABLE_TESTABILITY = YES;
				GCC_DYNAMIC_NO_PIC = NO;
				GCC_OPTIMIZATION_LEVEL = 0;
				GCC_PREPROCESSOR_DEFINITIONS = (
					"DEBUG=1",
					"$(inherited)",
				);
				MACOSX_DEPLOYMENT_TARGET = 14.0;
				ONLY_ACTIVE_ARCH = YES;
				SDKROOT = macosx;
				SWIFT_ACTIVE_COMPILATION_CONDITIONS = DEBUG;
				SWIFT_OPTIMIZATION_LEVEL = "-Onone";
			};
			name = Debug;
		};
		1111111111111111111111B1 /* Release */ = {
			isa = XCBuildConfiguration;
			buildSettings = {
				ALWAYS_SEARCH_USER_PATHS = NO;
				CLANG_ENABLE_MODULES = YES;
				CLANG_ENABLE_OBJC_ARC = YES;
				COPY_PHASE_STRIP = NO;
				DEBUG_INFORMATION_FORMAT = "dwarf-with-dsym";
				ENABLE_NS_ASSERTIONS = NO;
				ENABLE_STRICT_OBJC_MSGSEND = YES;
				MACOSX_DEPLOYMENT_TARGET = 14.0;
				SDKROOT = macosx;
				SWIFT_COMPILATION_MODE = wholemodule;
				SWIFT_OPTIMIZATION_LEVEL = "-O";
			};
			name = Release;
		};
		1111111111111111111111B2 /* Debug */ = {
			isa = XCBuildConfiguration;
			buildSettings = {
				ASSETCATALOG_COMPILER_APPICON_NAME = AppIcon;
				CODE_SIGN_IDENTITY = "Apple Development";
				CODE_SIGN_STYLE = Automatic;
				COMBINE_HIDPI_IMAGES = YES;
				CURRENT_PROJECT_VERSION = 5;
				DEVELOPMENT_TEAM = 3DZ9T8SGX5;
				ENABLE_HARDENED_RUNTIME = NO;
				GENERATE_INFOPLIST_FILE = NO;
				INFOPLIST_FILE = Info.plist;
				LD_RUNPATH_SEARCH_PATHS = (
					"$(inherited)",
					"@executable_path/../Frameworks",
				);
				MARKETING_VERSION = 1.3.0;
				PRODUCT_BUNDLE_IDENTIFIER = com.scott.notchmate;
				PRODUCT_NAME = "$(TARGET_NAME)";
				PROVISIONING_PROFILE_SPECIFIER = "";
				SWIFT_EMIT_LOC_STRINGS = YES;
				SWIFT_VERSION = 5.0;
			};
			name = Debug;
		};
		1111111111111111111111B3 /* Release */ = {
			isa = XCBuildConfiguration;
			buildSettings = {
				ASSETCATALOG_COMPILER_APPICON_NAME = AppIcon;
				CODE_SIGN_IDENTITY = "Apple Development";
				CODE_SIGN_STYLE = Automatic;
				COMBINE_HIDPI_IMAGES = YES;
				CURRENT_PROJECT_VERSION = 5;
				DEVELOPMENT_TEAM = 3DZ9T8SGX5;
				ENABLE_HARDENED_RUNTIME = NO;
				GENERATE_INFOPLIST_FILE = NO;
				INFOPLIST_FILE = Info.plist;
				LD_RUNPATH_SEARCH_PATHS = (
					"$(inherited)",
					"@executable_path/../Frameworks",
				);
				MARKETING_VERSION = 1.3.0;
				PRODUCT_BUNDLE_IDENTIFIER = com.scott.notchmate;
				PRODUCT_NAME = "$(TARGET_NAME)";
				PROVISIONING_PROFILE_SPECIFIER = "";
				SWIFT_EMIT_LOC_STRINGS = YES;
				SWIFT_VERSION = 5.0;
			};
			name = Release;
		};
		22222222222222222222000A /* Debug */ = {
			isa = XCBuildConfiguration;
			buildSettings = {
				BUNDLE_LOADER = "$(TEST_HOST)";
				CODE_SIGN_STYLE = Automatic;
				CURRENT_PROJECT_VERSION = 5;
				GENERATE_INFOPLIST_FILE = YES;
				MACOSX_DEPLOYMENT_TARGET = 14.0;
				MARKETING_VERSION = 1.3.0;
				PRODUCT_BUNDLE_IDENTIFIER = com.scott.notchmate.tests;
				PRODUCT_NAME = "$(TARGET_NAME)";
				SDKROOT = macosx;
				SWIFT_VERSION = 5.0;
				TEST_HOST = "$(BUILT_PRODUCTS_DIR)/NotchMate.app/Contents/MacOS/NotchMate";
			};
			name = Debug;
		};
		22222222222222222222000B /* Release */ = {
			isa = XCBuildConfiguration;
			buildSettings = {
				BUNDLE_LOADER = "$(TEST_HOST)";
				CODE_SIGN_STYLE = Automatic;
				CURRENT_PROJECT_VERSION = 5;
				GENERATE_INFOPLIST_FILE = YES;
				MACOSX_DEPLOYMENT_TARGET = 14.0;
				MARKETING_VERSION = 1.3.0;
				PRODUCT_BUNDLE_IDENTIFIER = com.scott.notchmate.tests;
				PRODUCT_NAME = "$(TARGET_NAME)";
				SDKROOT = macosx;
				SWIFT_VERSION = 5.0;
				TEST_HOST = "$(BUILT_PRODUCTS_DIR)/NotchMate.app/Contents/MacOS/NotchMate";
			};
			name = Release;
		};
/* End XCBuildConfiguration section */

/* Begin XCConfigurationList section */
		1111111111111111111111A7 /* Build configuration list for PBXProject "NotchMate" */ = {
			isa = XCConfigurationList;
			buildConfigurations = (
				1111111111111111111111A9 /* Debug */,
				1111111111111111111111B1 /* Release */,
			);
			defaultConfigurationIsVisible = 0;
			defaultConfigurationName = Release;
		};
		1111111111111111111111A8 /* Build configuration list for PBXNativeTarget "NotchMate" */ = {
			isa = XCConfigurationList;
			buildConfigurations = (
				1111111111111111111111B2 /* Debug */,
				1111111111111111111111B3 /* Release */,
			);
			defaultConfigurationIsVisible = 0;
			defaultConfigurationName = Release;
		};
		222222222222222222220009 /* Build configuration list for PBXNativeTarget "NotchMateTests" */ = {
			isa = XCConfigurationList;
			buildConfigurations = (
				22222222222222222222000A /* Debug */,
				22222222222222222222000B /* Release */,
			);
			defaultConfigurationIsVisible = 0;
			defaultConfigurationName = Release;
		};
/* End XCConfigurationList section */
	};
	rootObject = 1111111111111111111111A1 /* Project object */;
}
